PODS:
  - Alamofire (4.7.3)
  - AMScrollingNavbar (5.1.0)
  - MZAppearance (1.1.6)
  - MZFormSheetPresentationController (2.4.2):
    - MZAppearance
  - SkyFloatingLabelTextField (3.5.2)
  - SwiftLint (0.27.0)
  - SwiftMultiSelect (0.2.3)
  - SwiftSoup (1.7.2)

DEPENDENCIES:
  - Alamofire (~> 4.5)
  - AMScrollingNavbar
  - MZFormSheetPresentationController (from `https://github.com/JeffreyCA/MZFormSheetPresentationController`)
  - SkyFloatingLabelTextField (~> 3.0)
  - SwiftLint
  - SwiftMultiSelect (from `https://github.com/JeffreyCA/SwiftMultiSelect.git`)
  - SwiftSoup

SPEC REPOS:
  https://github.com/cocoapods/specs.git:
    - Alamofire
    - AMScrollingNavbar
    - MZAppearance
    - SkyFloatingLabelTextField
    - SwiftLint
    - SwiftSoup

EXTERNAL SOURCES:
  MZFormSheetPresentationController:
    :git: https://github.com/JeffreyCA/MZFormSheetPresentationController
  SwiftMultiSelect:
    :git: https://github.com/JeffreyCA/SwiftMultiSelect.git

CHECKOUT OPTIONS:
  MZFormSheetPresentationController:
    :commit: f865bcc933fe716fcb062f0acab893e31d7eae42
    :git: https://github.com/JeffreyCA/MZFormSheetPresentationController
  SwiftMultiSelect:
    :commit: f4d77b2e993847784453fef9a37b1191ad0d62eb
    :git: https://github.com/JeffreyCA/SwiftMultiSelect.git

SPEC CHECKSUMS:
  Alamofire: c7287b6e5d7da964a70935e5db17046b7fde6568
  AMScrollingNavbar: e10b5e259a3d7fea30ed537cd57e6ba4fbb23d65
  MZAppearance: 0c06d3fa9cc55142f1da14bc8631fbe8fd6e19d5
  MZFormSheetPresentationController: c1dc3bce639d2393b3cc416fcb6e050eb5bca062
  SkyFloatingLabelTextField: f0672b67cd0e86abda946c0dc3b2fe8580767dbb
  SwiftLint: 3207c1faa2240bf8973b191820a116113cd11073
  SwiftMultiSelect: f43fea2b0fde0593b5492c6c5bd3a403d8cba403
  SwiftSoup: e5f61d37e3d802a4b5db81b4945de3da9bfdf115

PODFILE CHECKSUM: d9320d17a6d553111e85f204115e35fc3bab5534

COCOAPODS: 1.5.3
