// !$*UTF8*$!
{
	archiveVersion = 1;
	classes = {
	};
	objectVersion = 48;
	objects = {

/* Begin PBXBuildFile section */
		0002F8C51FF2B9AD000B849F /* LoginResponse.swift in Sources */ = {isa = PBXBuildFile; fileRef = 0002F8C41FF2B9AD000B849F /* LoginResponse.swift */; };
		002F3FB11FE6DD200057AF0A /* CustomPageViewController.swift in Sources */ = {isa = PBXBuildFile; fileRef = 002F3FB01FE6DD200057AF0A /* CustomPageViewController.swift */; };
		008552C41FF32AEF00461F92 /* APIConstant.swift in Sources */ = {isa = PBXBuildFile; fileRef = 008552C31FF32AEF00461F92 /* APIConstant.swift */; };
		009318821FEEEC0C00FC7D2F /* LoginTextField.swift in Sources */ = {isa = PBXBuildFile; fileRef = 009318811FEEEC0C00FC7D2F /* LoginTextField.swift */; };
		00DA94641FF1F5BE00EE1F04 /* LoginService.swift in Sources */ = {isa = PBXBuildFile; fileRef = 00DA94631FF1F5BE00EE1F04 /* LoginService.swift */; };
		00DA94661FF1F66C00EE1F04 /* LoginError.swift in Sources */ = {isa = PBXBuildFile; fileRef = 00DA94651FF1F66C00EE1F04 /* LoginError.swift */; };
		00DA946B1FF1F90500EE1F04 /* StringExt.swift in Sources */ = {isa = PBXBuildFile; fileRef = 00DA946A1FF1F90500EE1F04 /* StringExt.swift */; };
		00DA946D1FF1FB7200EE1F04 /* StringExtensionTests.swift in Sources */ = {isa = PBXBuildFile; fileRef = 00DA946C1FF1FB7200EE1F04 /* StringExtensionTests.swift */; };
		00E38E9A1FF44037009160EE /* Dashboard.storyboard in Resources */ = {isa = PBXBuildFile; fileRef = 00E38E991FF44037009160EE /* Dashboard.storyboard */; };
		00FC13B41FE36F8B00AA5731 /* AppDelegate.swift in Sources */ = {isa = PBXBuildFile; fileRef = 00FC13B31FE36F8B00AA5731 /* AppDelegate.swift */; };
		00FC13B61FE36F8B00AA5731 /* WelcomeViewController.swift in Sources */ = {isa = PBXBuildFile; fileRef = 00FC13B51FE36F8B00AA5731 /* WelcomeViewController.swift */; };
		00FC13B81FE36F8B00AA5731 /* LoginViewController.swift in Sources */ = {isa = PBXBuildFile; fileRef = 00FC13B71FE36F8B00AA5731 /* LoginViewController.swift */; };
		00FC13BB1FE36F8B00AA5731 /* Main.storyboard in Resources */ = {isa = PBXBuildFile; fileRef = 00FC13B91FE36F8B00AA5731 /* Main.storyboard */; };
		00FC13BD1FE36F8B00AA5731 /* Assets.xcassets in Resources */ = {isa = PBXBuildFile; fileRef = 00FC13BC1FE36F8B00AA5731 /* Assets.xcassets */; };
		00FC13C01FE36F8B00AA5731 /* LaunchScreen.storyboard in Resources */ = {isa = PBXBuildFile; fileRef = 00FC13BE1FE36F8B00AA5731 /* LaunchScreen.storyboard */; };
		00FC13D61FE36F8B00AA5731 /* PRESTO_WalletUITests.swift in Sources */ = {isa = PBXBuildFile; fileRef = 00FC13D51FE36F8B00AA5731 /* PRESTO_WalletUITests.swift */; };
		00FC13E41FE3719C00AA5731 /* LandingViewController.swift in Sources */ = {isa = PBXBuildFile; fileRef = 00FC13E31FE3719C00AA5731 /* LandingViewController.swift */; };
		115DDEB98FBCCB4DA7B12031 /* Pods_PRESTO_Wallet.framework in Frameworks */ = {isa = PBXBuildFile; fileRef = 24DA1653C210CBD346059230 /* Pods_PRESTO_Wallet.framework */; };
		6ECC426B485A48F1FC02C3F8 /* Pods_PRESTO_WalletTests.framework in Frameworks */ = {isa = PBXBuildFile; fileRef = 5F5C26E0D7DE27479EB6FE5D /* Pods_PRESTO_WalletTests.framework */; };
		A2905BD38B568E1AFB3DE5BA /* Pods_PRESTO_WalletUITests.framework in Frameworks */ = {isa = PBXBuildFile; fileRef = D3730601CBDF7F07FE259B78 /* Pods_PRESTO_WalletUITests.framework */; };
/* End PBXBuildFile section */

/* Begin PBXContainerItemProxy section */
		00FC13C71FE36F8B00AA5731 /* PBXContainerItemProxy */ = {
			isa = PBXContainerItemProxy;
			containerPortal = 00FC13A81FE36F8B00AA5731 /* Project object */;
			proxyType = 1;
			remoteGlobalIDString = 00FC13AF1FE36F8B00AA5731;
			remoteInfo = "PRESTO Wallet";
		};
		00FC13D21FE36F8B00AA5731 /* PBXContainerItemProxy */ = {
			isa = PBXContainerItemProxy;
			containerPortal = 00FC13A81FE36F8B00AA5731 /* Project object */;
			proxyType = 1;
			remoteGlobalIDString = 00FC13AF1FE36F8B00AA5731;
			remoteInfo = "PRESTO Wallet";
		};
/* End PBXContainerItemProxy section */

/* Begin PBXFileReference section */
		0002F8C41FF2B9AD000B849F /* LoginResponse.swift */ = {isa = PBXFileReference; lastKnownFileType = sourcecode.swift; path = LoginResponse.swift; sourceTree = "<group>"; };
		002F3FB01FE6DD200057AF0A /* CustomPageViewController.swift */ = {isa = PBXFileReference; lastKnownFileType = sourcecode.swift; path = CustomPageViewController.swift; sourceTree = "<group>"; };
		008552C31FF32AEF00461F92 /* APIConstant.swift */ = {isa = PBXFileReference; lastKnownFileType = sourcecode.swift; path = APIConstant.swift; sourceTree = "<group>"; };
		009318811FEEEC0C00FC7D2F /* LoginTextField.swift */ = {isa = PBXFileReference; lastKnownFileType = sourcecode.swift; path = LoginTextField.swift; sourceTree = "<group>"; };
		00DA94631FF1F5BE00EE1F04 /* LoginService.swift */ = {isa = PBXFileReference; lastKnownFileType = sourcecode.swift; path = LoginService.swift; sourceTree = "<group>"; };
		00DA94651FF1F66C00EE1F04 /* LoginError.swift */ = {isa = PBXFileReference; lastKnownFileType = sourcecode.swift; path = LoginError.swift; sourceTree = "<group>"; };
		00DA946A1FF1F90500EE1F04 /* StringExt.swift */ = {isa = PBXFileReference; lastKnownFileType = sourcecode.swift; path = StringExt.swift; sourceTree = "<group>"; };
		00DA946C1FF1FB7200EE1F04 /* StringExtensionTests.swift */ = {isa = PBXFileReference; lastKnownFileType = sourcecode.swift; path = StringExtensionTests.swift; sourceTree = "<group>"; };
		00E38E991FF44037009160EE /* Dashboard.storyboard */ = {isa = PBXFileReference; lastKnownFileType = file.storyboard; path = Dashboard.storyboard; sourceTree = "<group>"; };
		00FC13B01FE36F8B00AA5731 /* PRESTO-Wallet.app */ = {isa = PBXFileReference; explicitFileType = wrapper.application; includeInIndex = 0; path = "PRESTO-Wallet.app"; sourceTree = BUILT_PRODUCTS_DIR; };
		00FC13B31FE36F8B00AA5731 /* AppDelegate.swift */ = {isa = PBXFileReference; lastKnownFileType = sourcecode.swift; path = AppDelegate.swift; sourceTree = "<group>"; };
		00FC13B51FE36F8B00AA5731 /* WelcomeViewController.swift */ = {isa = PBXFileReference; lastKnownFileType = sourcecode.swift; path = WelcomeViewController.swift; sourceTree = "<group>"; };
		00FC13B71FE36F8B00AA5731 /* LoginViewController.swift */ = {isa = PBXFileReference; lastKnownFileType = sourcecode.swift; path = LoginViewController.swift; sourceTree = "<group>"; };
		00FC13BA1FE36F8B00AA5731 /* Base */ = {isa = PBXFileReference; lastKnownFileType = file.storyboard; name = Base; path = Base.lproj/Main.storyboard; sourceTree = "<group>"; };
		00FC13BC1FE36F8B00AA5731 /* Assets.xcassets */ = {isa = PBXFileReference; lastKnownFileType = folder.assetcatalog; path = Assets.xcassets; sourceTree = "<group>"; };
		00FC13BF1FE36F8B00AA5731 /* Base */ = {isa = PBXFileReference; lastKnownFileType = file.storyboard; name = Base; path = Base.lproj/LaunchScreen.storyboard; sourceTree = "<group>"; };
		00FC13C11FE36F8B00AA5731 /* Info.plist */ = {isa = PBXFileReference; lastKnownFileType = text.plist.xml; path = Info.plist; sourceTree = "<group>"; };
		00FC13C61FE36F8B00AA5731 /* PRESTO-WalletTests.xctest */ = {isa = PBXFileReference; explicitFileType = wrapper.cfbundle; includeInIndex = 0; path = "PRESTO-WalletTests.xctest"; sourceTree = BUILT_PRODUCTS_DIR; };
		00FC13CC1FE36F8B00AA5731 /* Info.plist */ = {isa = PBXFileReference; lastKnownFileType = text.plist.xml; path = Info.plist; sourceTree = "<group>"; };
		00FC13D11FE36F8B00AA5731 /* PRESTO-WalletUITests.xctest */ = {isa = PBXFileReference; explicitFileType = wrapper.cfbundle; includeInIndex = 0; path = "PRESTO-WalletUITests.xctest"; sourceTree = BUILT_PRODUCTS_DIR; };
		00FC13D51FE36F8B00AA5731 /* PRESTO_WalletUITests.swift */ = {isa = PBXFileReference; lastKnownFileType = sourcecode.swift; path = PRESTO_WalletUITests.swift; sourceTree = "<group>"; };
		00FC13D71FE36F8B00AA5731 /* Info.plist */ = {isa = PBXFileReference; lastKnownFileType = text.plist.xml; path = Info.plist; sourceTree = "<group>"; };
		00FC13E31FE3719C00AA5731 /* LandingViewController.swift */ = {isa = PBXFileReference; lastKnownFileType = sourcecode.swift; path = LandingViewController.swift; sourceTree = "<group>"; };
		094D16D85134ABB5738477F0 /* Pods-PRESTO-WalletTests.debug.xcconfig */ = {isa = PBXFileReference; includeInIndex = 1; lastKnownFileType = text.xcconfig; name = "Pods-PRESTO-WalletTests.debug.xcconfig"; path = "Pods/Target Support Files/Pods-PRESTO-WalletTests/Pods-PRESTO-WalletTests.debug.xcconfig"; sourceTree = "<group>"; };
		24DA1653C210CBD346059230 /* Pods_PRESTO_Wallet.framework */ = {isa = PBXFileReference; explicitFileType = wrapper.framework; includeInIndex = 0; path = Pods_PRESTO_Wallet.framework; sourceTree = BUILT_PRODUCTS_DIR; };
		46189AA72DD86D3D53BAD534 /* Pods-PRESTO-WalletUITests.release.xcconfig */ = {isa = PBXFileReference; includeInIndex = 1; lastKnownFileType = text.xcconfig; name = "Pods-PRESTO-WalletUITests.release.xcconfig"; path = "Pods/Target Support Files/Pods-PRESTO-WalletUITests/Pods-PRESTO-WalletUITests.release.xcconfig"; sourceTree = "<group>"; };
		49701DBA29129CABCB6B58ED /* Pods-PRESTO-Wallet.release.xcconfig */ = {isa = PBXFileReference; includeInIndex = 1; lastKnownFileType = text.xcconfig; name = "Pods-PRESTO-Wallet.release.xcconfig"; path = "Pods/Target Support Files/Pods-PRESTO-Wallet/Pods-PRESTO-Wallet.release.xcconfig"; sourceTree = "<group>"; };
		5F5C26E0D7DE27479EB6FE5D /* Pods_PRESTO_WalletTests.framework */ = {isa = PBXFileReference; explicitFileType = wrapper.framework; includeInIndex = 0; path = Pods_PRESTO_WalletTests.framework; sourceTree = BUILT_PRODUCTS_DIR; };
		6297890C51994F740A3CCC15 /* Pods-PRESTO-WalletUITests.debug.xcconfig */ = {isa = PBXFileReference; includeInIndex = 1; lastKnownFileType = text.xcconfig; name = "Pods-PRESTO-WalletUITests.debug.xcconfig"; path = "Pods/Target Support Files/Pods-PRESTO-WalletUITests/Pods-PRESTO-WalletUITests.debug.xcconfig"; sourceTree = "<group>"; };
		CB7680FB9BCF3EAE4008F076 /* Pods-PRESTO-Wallet.debug.xcconfig */ = {isa = PBXFileReference; includeInIndex = 1; lastKnownFileType = text.xcconfig; name = "Pods-PRESTO-Wallet.debug.xcconfig"; path = "Pods/Target Support Files/Pods-PRESTO-Wallet/Pods-PRESTO-Wallet.debug.xcconfig"; sourceTree = "<group>"; };
		D3730601CBDF7F07FE259B78 /* Pods_PRESTO_WalletUITests.framework */ = {isa = PBXFileReference; explicitFileType = wrapper.framework; includeInIndex = 0; path = Pods_PRESTO_WalletUITests.framework; sourceTree = BUILT_PRODUCTS_DIR; };
		FCC8FE255811A4E82E096620 /* Pods-PRESTO-WalletTests.release.xcconfig */ = {isa = PBXFileReference; includeInIndex = 1; lastKnownFileType = text.xcconfig; name = "Pods-PRESTO-WalletTests.release.xcconfig"; path = "Pods/Target Support Files/Pods-PRESTO-WalletTests/Pods-PRESTO-WalletTests.release.xcconfig"; sourceTree = "<group>"; };
/* End PBXFileReference section */

/* Begin PBXFrameworksBuildPhase section */
		00FC13AD1FE36F8B00AA5731 /* Frameworks */ = {
			isa = PBXFrameworksBuildPhase;
			buildActionMask = 2147483647;
			files = (
				115DDEB98FBCCB4DA7B12031 /* Pods_PRESTO_Wallet.framework in Frameworks */,
			);
			runOnlyForDeploymentPostprocessing = 0;
		};
		00FC13C31FE36F8B00AA5731 /* Frameworks */ = {
			isa = PBXFrameworksBuildPhase;
			buildActionMask = 2147483647;
			files = (
				6ECC426B485A48F1FC02C3F8 /* Pods_PRESTO_WalletTests.framework in Frameworks */,
			);
			runOnlyForDeploymentPostprocessing = 0;
		};
		00FC13CE1FE36F8B00AA5731 /* Frameworks */ = {
			isa = PBXFrameworksBuildPhase;
			buildActionMask = 2147483647;
			files = (
				A2905BD38B568E1AFB3DE5BA /* Pods_PRESTO_WalletUITests.framework in Frameworks */,
			);
			runOnlyForDeploymentPostprocessing = 0;
		};
/* End PBXFrameworksBuildPhase section */

/* Begin PBXGroup section */
		0083A6D01FEE04590018A9FD /* Controller */ = {
			isa = PBXGroup;
			children = (
				0083A6D41FEE05100018A9FD /* Landing */,
			);
			path = Controller;
			sourceTree = "<group>";
		};
		0083A6D11FEE04640018A9FD /* Model */ = {
			isa = PBXGroup;
			children = (
				00DA94631FF1F5BE00EE1F04 /* LoginService.swift */,
				00DA94651FF1F66C00EE1F04 /* LoginError.swift */,
				0002F8C41FF2B9AD000B849F /* LoginResponse.swift */,
				008552C31FF32AEF00461F92 /* APIConstant.swift */,
			);
			path = Model;
			sourceTree = "<group>";
		};
		0083A6D21FEE04920018A9FD /* Storyboard */ = {
			isa = PBXGroup;
			children = (
				00FC13B91FE36F8B00AA5731 /* Main.storyboard */,
				00E38E991FF44037009160EE /* Dashboard.storyboard */,
				00FC13BE1FE36F8B00AA5731 /* LaunchScreen.storyboard */,
			);
			path = Storyboard;
			sourceTree = "<group>";
		};
		0083A6D31FEE05020018A9FD /* Application */ = {
			isa = PBXGroup;
			children = (
				00FC13B31FE36F8B00AA5731 /* AppDelegate.swift */,
			);
			path = Application;
			sourceTree = "<group>";
		};
		0083A6D41FEE05100018A9FD /* Landing */ = {
			isa = PBXGroup;
			children = (
				00FC13B51FE36F8B00AA5731 /* WelcomeViewController.swift */,
				002F3FB01FE6DD200057AF0A /* CustomPageViewController.swift */,
				00FC13E31FE3719C00AA5731 /* LandingViewController.swift */,
				00FC13B71FE36F8B00AA5731 /* LoginViewController.swift */,
			);
			path = Landing;
			sourceTree = "<group>";
		};
		0083A6D51FEE08270018A9FD /* View */ = {
			isa = PBXGroup;
			children = (
				009318811FEEEC0C00FC7D2F /* LoginTextField.swift */,
			);
			path = View;
			sourceTree = "<group>";
		};
		00DA94691FF1F8FA00EE1F04 /* Extension */ = {
			isa = PBXGroup;
			children = (
				00DA946A1FF1F90500EE1F04 /* StringExt.swift */,
			);
			path = Extension;
			sourceTree = "<group>";
		};
		00FC13A71FE36F8B00AA5731 = {
			isa = PBXGroup;
			children = (
				00FC13B21FE36F8B00AA5731 /* PRESTO-Wallet */,
				00FC13C91FE36F8B00AA5731 /* Tests */,
				00FC13D41FE36F8B00AA5731 /* UITests */,
				00FC13B11FE36F8B00AA5731 /* Products */,
				99FECF2BD36A82B866369484 /* Pods */,
				5DE5DF83A0284623ADE5AF7A /* Frameworks */,
			);
			sourceTree = "<group>";
		};
		00FC13B11FE36F8B00AA5731 /* Products */ = {
			isa = PBXGroup;
			children = (
				00FC13B01FE36F8B00AA5731 /* PRESTO-Wallet.app */,
				00FC13C61FE36F8B00AA5731 /* PRESTO-WalletTests.xctest */,
				00FC13D11FE36F8B00AA5731 /* PRESTO-WalletUITests.xctest */,
			);
			name = Products;
			sourceTree = "<group>";
		};
		00FC13B21FE36F8B00AA5731 /* PRESTO-Wallet */ = {
			isa = PBXGroup;
			children = (
				00DA94691FF1F8FA00EE1F04 /* Extension */,
				0083A6D31FEE05020018A9FD /* Application */,
				0083A6D21FEE04920018A9FD /* Storyboard */,
				0083A6D11FEE04640018A9FD /* Model */,
				0083A6D51FEE08270018A9FD /* View */,
				0083A6D01FEE04590018A9FD /* Controller */,
				00FC13BC1FE36F8B00AA5731 /* Assets.xcassets */,
				00FC13C11FE36F8B00AA5731 /* Info.plist */,
			);
			path = "PRESTO-Wallet";
			sourceTree = "<group>";
		};
		00FC13C91FE36F8B00AA5731 /* Tests */ = {
			isa = PBXGroup;
			children = (
				00DA946C1FF1FB7200EE1F04 /* StringExtensionTests.swift */,
				00FC13CC1FE36F8B00AA5731 /* Info.plist */,
			);
			path = Tests;
			sourceTree = "<group>";
		};
		00FC13D41FE36F8B00AA5731 /* UITests */ = {
			isa = PBXGroup;
			children = (
				00FC13D51FE36F8B00AA5731 /* PRESTO_WalletUITests.swift */,
				00FC13D71FE36F8B00AA5731 /* Info.plist */,
			);
			path = UITests;
			sourceTree = "<group>";
		};
		5DE5DF83A0284623ADE5AF7A /* Frameworks */ = {
			isa = PBXGroup;
			children = (
				24DA1653C210CBD346059230 /* Pods_PRESTO_Wallet.framework */,
				5F5C26E0D7DE27479EB6FE5D /* Pods_PRESTO_WalletTests.framework */,
				D3730601CBDF7F07FE259B78 /* Pods_PRESTO_WalletUITests.framework */,
			);
			name = Frameworks;
			sourceTree = "<group>";
		};
		99FECF2BD36A82B866369484 /* Pods */ = {
			isa = PBXGroup;
			children = (
				CB7680FB9BCF3EAE4008F076 /* Pods-PRESTO-Wallet.debug.xcconfig */,
				49701DBA29129CABCB6B58ED /* Pods-PRESTO-Wallet.release.xcconfig */,
				094D16D85134ABB5738477F0 /* Pods-PRESTO-WalletTests.debug.xcconfig */,
				FCC8FE255811A4E82E096620 /* Pods-PRESTO-WalletTests.release.xcconfig */,
				6297890C51994F740A3CCC15 /* Pods-PRESTO-WalletUITests.debug.xcconfig */,
				46189AA72DD86D3D53BAD534 /* Pods-PRESTO-WalletUITests.release.xcconfig */,
			);
			name = Pods;
			sourceTree = "<group>";
		};
/* End PBXGroup section */

/* Begin PBXNativeTarget section */
		00FC13AF1FE36F8B00AA5731 /* PRESTO-Wallet */ = {
			isa = PBXNativeTarget;
			buildConfigurationList = 00FC13DA1FE36F8C00AA5731 /* Build configuration list for PBXNativeTarget "PRESTO-Wallet" */;
			buildPhases = (
				A28673C959729A95FD12C236 /* [CP] Check Pods Manifest.lock */,
				00FC13AC1FE36F8B00AA5731 /* Sources */,
				00FC13AD1FE36F8B00AA5731 /* Frameworks */,
				00FC13AE1FE36F8B00AA5731 /* Resources */,
				9465E0728D42B63EFCD73019 /* [CP] Embed Pods Frameworks */,
				6725137C82102E6B13F3D1F3 /* [CP] Copy Pods Resources */,
				00E41F481FF3321F00721315 /* ShellScript */,
			);
			buildRules = (
			);
			dependencies = (
			);
			name = "PRESTO-Wallet";
			productName = "PRESTO Wallet";
			productReference = 00FC13B01FE36F8B00AA5731 /* PRESTO-Wallet.app */;
			productType = "com.apple.product-type.application";
		};
		00FC13C51FE36F8B00AA5731 /* PRESTO-WalletTests */ = {
			isa = PBXNativeTarget;
			buildConfigurationList = 00FC13DD1FE36F8C00AA5731 /* Build configuration list for PBXNativeTarget "PRESTO-WalletTests" */;
			buildPhases = (
				C5F7B05F85852B89F5F3AD33 /* [CP] Check Pods Manifest.lock */,
				00FC13C21FE36F8B00AA5731 /* Sources */,
				00FC13C31FE36F8B00AA5731 /* Frameworks */,
				00FC13C41FE36F8B00AA5731 /* Resources */,
				04F4A80E80E27F75B2339903 /* [CP] Embed Pods Frameworks */,
				E1964121690A84276F5F5674 /* [CP] Copy Pods Resources */,
			);
			buildRules = (
			);
			dependencies = (
				00FC13C81FE36F8B00AA5731 /* PBXTargetDependency */,
			);
			name = "PRESTO-WalletTests";
			productName = "PRESTO WalletTests";
			productReference = 00FC13C61FE36F8B00AA5731 /* PRESTO-WalletTests.xctest */;
			productType = "com.apple.product-type.bundle.unit-test";
		};
		00FC13D01FE36F8B00AA5731 /* PRESTO-WalletUITests */ = {
			isa = PBXNativeTarget;
			buildConfigurationList = 00FC13E01FE36F8C00AA5731 /* Build configuration list for PBXNativeTarget "PRESTO-WalletUITests" */;
			buildPhases = (
				EA67D5581E5C2B8501FE63C5 /* [CP] Check Pods Manifest.lock */,
				00FC13CD1FE36F8B00AA5731 /* Sources */,
				00FC13CE1FE36F8B00AA5731 /* Frameworks */,
				00FC13CF1FE36F8B00AA5731 /* Resources */,
				6CC598DD3C92237B1B35339F /* [CP] Embed Pods Frameworks */,
				DF343780B3C55A762C9A5248 /* [CP] Copy Pods Resources */,
			);
			buildRules = (
			);
			dependencies = (
				00FC13D31FE36F8B00AA5731 /* PBXTargetDependency */,
			);
			name = "PRESTO-WalletUITests";
			productName = "PRESTO WalletUITests";
			productReference = 00FC13D11FE36F8B00AA5731 /* PRESTO-WalletUITests.xctest */;
			productType = "com.apple.product-type.bundle.ui-testing";
		};
/* End PBXNativeTarget section */

/* Begin PBXProject section */
		00FC13A81FE36F8B00AA5731 /* Project object */ = {
			isa = PBXProject;
			attributes = {
				LastSwiftUpdateCheck = 0920;
				LastUpgradeCheck = 0920;
				ORGANIZATIONNAME = JeffreyCA;
				TargetAttributes = {
					00FC13AF1FE36F8B00AA5731 = {
						CreatedOnToolsVersion = 9.2;
						ProvisioningStyle = Automatic;
					};
					00FC13C51FE36F8B00AA5731 = {
						CreatedOnToolsVersion = 9.2;
						ProvisioningStyle = Automatic;
						TestTargetID = 00FC13AF1FE36F8B00AA5731;
					};
					00FC13D01FE36F8B00AA5731 = {
						CreatedOnToolsVersion = 9.2;
						ProvisioningStyle = Automatic;
						TestTargetID = 00FC13AF1FE36F8B00AA5731;
					};
				};
			};
			buildConfigurationList = 00FC13AB1FE36F8B00AA5731 /* Build configuration list for PBXProject "PRESTO-Wallet" */;
			compatibilityVersion = "Xcode 8.0";
			developmentRegion = en;
			hasScannedForEncodings = 0;
			knownRegions = (
				en,
				Base,
			);
			mainGroup = 00FC13A71FE36F8B00AA5731;
			productRefGroup = 00FC13B11FE36F8B00AA5731 /* Products */;
			projectDirPath = "";
			projectRoot = "";
			targets = (
				00FC13AF1FE36F8B00AA5731 /* PRESTO-Wallet */,
				00FC13C51FE36F8B00AA5731 /* PRESTO-WalletTests */,
				00FC13D01FE36F8B00AA5731 /* PRESTO-WalletUITests */,
			);
		};
/* End PBXProject section */

/* Begin PBXResourcesBuildPhase section */
		00FC13AE1FE36F8B00AA5731 /* Resources */ = {
			isa = PBXResourcesBuildPhase;
			buildActionMask = 2147483647;
			files = (
				00FC13C01FE36F8B00AA5731 /* LaunchScreen.storyboard in Resources */,
				00FC13BD1FE36F8B00AA5731 /* Assets.xcassets in Resources */,
				00FC13BB1FE36F8B00AA5731 /* Main.storyboard in Resources */,
				00E38E9A1FF44037009160EE /* Dashboard.storyboard in Resources */,
			);
			runOnlyForDeploymentPostprocessing = 0;
		};
		00FC13C41FE36F8B00AA5731 /* Resources */ = {
			isa = PBXResourcesBuildPhase;
			buildActionMask = 2147483647;
			files = (
			);
			runOnlyForDeploymentPostprocessing = 0;
		};
		00FC13CF1FE36F8B00AA5731 /* Resources */ = {
			isa = PBXResourcesBuildPhase;
			buildActionMask = 2147483647;
			files = (
			);
			runOnlyForDeploymentPostprocessing = 0;
		};
/* End PBXResourcesBuildPhase section */

/* Begin PBXShellScriptBuildPhase section */
		00E41F481FF3321F00721315 /* ShellScript */ = {
			isa = PBXShellScriptBuildPhase;
			buildActionMask = 2147483647;
			files = (
			);
			inputPaths = (
			);
			outputPaths = (
			);
			runOnlyForDeploymentPostprocessing = 0;
			shellPath = /bin/sh;
			shellScript = "\"${PODS_ROOT}/SwiftLint/swiftlint\"";
		};
		04F4A80E80E27F75B2339903 /* [CP] Embed Pods Frameworks */ = {
			isa = PBXShellScriptBuildPhase;
			buildActionMask = 2147483647;
			files = (
			);
			inputPaths = (
			);
			name = "[CP] Embed Pods Frameworks";
			outputPaths = (
			);
			runOnlyForDeploymentPostprocessing = 0;
			shellPath = /bin/sh;
			shellScript = "\"${SRCROOT}/Pods/Target Support Files/Pods-PRESTO-WalletTests/Pods-PRESTO-WalletTests-frameworks.sh\"\n";
			showEnvVarsInLog = 0;
		};
		6725137C82102E6B13F3D1F3 /* [CP] Copy Pods Resources */ = {
			isa = PBXShellScriptBuildPhase;
			buildActionMask = 2147483647;
			files = (
			);
			inputPaths = (
			);
			name = "[CP] Copy Pods Resources";
			outputPaths = (
			);
			runOnlyForDeploymentPostprocessing = 0;
			shellPath = /bin/sh;
			shellScript = "\"${SRCROOT}/Pods/Target Support Files/Pods-PRESTO-Wallet/Pods-PRESTO-Wallet-resources.sh\"\n";
			showEnvVarsInLog = 0;
		};
		6CC598DD3C92237B1B35339F /* [CP] Embed Pods Frameworks */ = {
			isa = PBXShellScriptBuildPhase;
			buildActionMask = 2147483647;
			files = (
			);
			inputPaths = (
			);
			name = "[CP] Embed Pods Frameworks";
			outputPaths = (
			);
			runOnlyForDeploymentPostprocessing = 0;
			shellPath = /bin/sh;
			shellScript = "\"${SRCROOT}/Pods/Target Support Files/Pods-PRESTO-WalletUITests/Pods-PRESTO-WalletUITests-frameworks.sh\"\n";
			showEnvVarsInLog = 0;
		};
		9465E0728D42B63EFCD73019 /* [CP] Embed Pods Frameworks */ = {
			isa = PBXShellScriptBuildPhase;
			buildActionMask = 2147483647;
			files = (
			);
			inputPaths = (
				"${SRCROOT}/Pods/Target Support Files/Pods-PRESTO-Wallet/Pods-PRESTO-Wallet-frameworks.sh",
				"${BUILT_PRODUCTS_DIR}/Alamofire/Alamofire.framework",
				"${BUILT_PRODUCTS_DIR}/SkyFloatingLabelTextField/SkyFloatingLabelTextField.framework",
				"${BUILT_PRODUCTS_DIR}/SwiftSoup/SwiftSoup.framework",
			);
			name = "[CP] Embed Pods Frameworks";
			outputPaths = (
				"${TARGET_BUILD_DIR}/${FRAMEWORKS_FOLDER_PATH}/Alamofire.framework",
				"${TARGET_BUILD_DIR}/${FRAMEWORKS_FOLDER_PATH}/SkyFloatingLabelTextField.framework",
				"${TARGET_BUILD_DIR}/${FRAMEWORKS_FOLDER_PATH}/SwiftSoup.framework",
			);
			runOnlyForDeploymentPostprocessing = 0;
			shellPath = /bin/sh;
			shellScript = "\"${SRCROOT}/Pods/Target Support Files/Pods-PRESTO-Wallet/Pods-PRESTO-Wallet-frameworks.sh\"\n";
			showEnvVarsInLog = 0;
		};
		A28673C959729A95FD12C236 /* [CP] Check Pods Manifest.lock */ = {
			isa = PBXShellScriptBuildPhase;
			buildActionMask = 2147483647;
			files = (
			);
			inputPaths = (
				"${PODS_PODFILE_DIR_PATH}/Podfile.lock",
				"${PODS_ROOT}/Manifest.lock",
			);
			name = "[CP] Check Pods Manifest.lock";
			outputPaths = (
				"$(DERIVED_FILE_DIR)/Pods-PRESTO-Wallet-checkManifestLockResult.txt",
			);
			runOnlyForDeploymentPostprocessing = 0;
			shellPath = /bin/sh;
			shellScript = "diff \"${PODS_PODFILE_DIR_PATH}/Podfile.lock\" \"${PODS_ROOT}/Manifest.lock\" > /dev/null\nif [ $? != 0 ] ; then\n    # print error to STDERR\n    echo \"error: The sandbox is not in sync with the Podfile.lock. Run 'pod install' or update your CocoaPods installation.\" >&2\n    exit 1\nfi\n# This output is used by Xcode 'outputs' to avoid re-running this script phase.\necho \"SUCCESS\" > \"${SCRIPT_OUTPUT_FILE_0}\"\n";
			showEnvVarsInLog = 0;
		};
		C5F7B05F85852B89F5F3AD33 /* [CP] Check Pods Manifest.lock */ = {
			isa = PBXShellScriptBuildPhase;
			buildActionMask = 2147483647;
			files = (
			);
			inputPaths = (
				"${PODS_PODFILE_DIR_PATH}/Podfile.lock",
				"${PODS_ROOT}/Manifest.lock",
			);
			name = "[CP] Check Pods Manifest.lock";
			outputPaths = (
				"$(DERIVED_FILE_DIR)/Pods-PRESTO-WalletTests-checkManifestLockResult.txt",
			);
			runOnlyForDeploymentPostprocessing = 0;
			shellPath = /bin/sh;
			shellScript = "diff \"${PODS_PODFILE_DIR_PATH}/Podfile.lock\" \"${PODS_ROOT}/Manifest.lock\" > /dev/null\nif [ $? != 0 ] ; then\n    # print error to STDERR\n    echo \"error: The sandbox is not in sync with the Podfile.lock. Run 'pod install' or update your CocoaPods installation.\" >&2\n    exit 1\nfi\n# This output is used by Xcode 'outputs' to avoid re-running this script phase.\necho \"SUCCESS\" > \"${SCRIPT_OUTPUT_FILE_0}\"\n";
			showEnvVarsInLog = 0;
		};
		DF343780B3C55A762C9A5248 /* [CP] Copy Pods Resources */ = {
			isa = PBXShellScriptBuildPhase;
			buildActionMask = 2147483647;
			files = (
			);
			inputPaths = (
			);
			name = "[CP] Copy Pods Resources";
			outputPaths = (
			);
			runOnlyForDeploymentPostprocessing = 0;
			shellPath = /bin/sh;
			shellScript = "\"${SRCROOT}/Pods/Target Support Files/Pods-PRESTO-WalletUITests/Pods-PRESTO-WalletUITests-resources.sh\"\n";
			showEnvVarsInLog = 0;
		};
		E1964121690A84276F5F5674 /* [CP] Copy Pods Resources */ = {
			isa = PBXShellScriptBuildPhase;
			buildActionMask = 2147483647;
			files = (
			);
			inputPaths = (
			);
			name = "[CP] Copy Pods Resources";
			outputPaths = (
			);
			runOnlyForDeploymentPostprocessing = 0;
			shellPath = /bin/sh;
			shellScript = "\"${SRCROOT}/Pods/Target Support Files/Pods-PRESTO-WalletTests/Pods-PRESTO-WalletTests-resources.sh\"\n";
			showEnvVarsInLog = 0;
		};
		EA67D5581E5C2B8501FE63C5 /* [CP] Check Pods Manifest.lock */ = {
			isa = PBXShellScriptBuildPhase;
			buildActionMask = 2147483647;
			files = (
			);
			inputPaths = (
				"${PODS_PODFILE_DIR_PATH}/Podfile.lock",
				"${PODS_ROOT}/Manifest.lock",
			);
			name = "[CP] Check Pods Manifest.lock";
			outputPaths = (
				"$(DERIVED_FILE_DIR)/Pods-PRESTO-WalletUITests-checkManifestLockResult.txt",
			);
			runOnlyForDeploymentPostprocessing = 0;
			shellPath = /bin/sh;
			shellScript = "diff \"${PODS_PODFILE_DIR_PATH}/Podfile.lock\" \"${PODS_ROOT}/Manifest.lock\" > /dev/null\nif [ $? != 0 ] ; then\n    # print error to STDERR\n    echo \"error: The sandbox is not in sync with the Podfile.lock. Run 'pod install' or update your CocoaPods installation.\" >&2\n    exit 1\nfi\n# This output is used by Xcode 'outputs' to avoid re-running this script phase.\necho \"SUCCESS\" > \"${SCRIPT_OUTPUT_FILE_0}\"\n";
			showEnvVarsInLog = 0;
		};
/* End PBXShellScriptBuildPhase section */

/* Begin PBXSourcesBuildPhase section */
		00FC13AC1FE36F8B00AA5731 /* Sources */ = {
			isa = PBXSourcesBuildPhase;
			buildActionMask = 2147483647;
			files = (
				00FC13B81FE36F8B00AA5731 /* LoginViewController.swift in Sources */,
				0002F8C51FF2B9AD000B849F /* LoginResponse.swift in Sources */,
				002F3FB11FE6DD200057AF0A /* CustomPageViewController.swift in Sources */,
				00FC13B41FE36F8B00AA5731 /* AppDelegate.swift in Sources */,
				00FC13E41FE3719C00AA5731 /* LandingViewController.swift in Sources */,
				00FC13B61FE36F8B00AA5731 /* WelcomeViewController.swift in Sources */,
				009318821FEEEC0C00FC7D2F /* LoginTextField.swift in Sources */,
				008552C41FF32AEF00461F92 /* APIConstant.swift in Sources */,
				00DA94641FF1F5BE00EE1F04 /* LoginService.swift in Sources */,
				00DA94661FF1F66C00EE1F04 /* LoginError.swift in Sources */,
				00DA946B1FF1F90500EE1F04 /* StringExt.swift in Sources */,
			);
			runOnlyForDeploymentPostprocessing = 0;
		};
		00FC13C21FE36F8B00AA5731 /* Sources */ = {
			isa = PBXSourcesBuildPhase;
			buildActionMask = 2147483647;
			files = (
				00DA946D1FF1FB7200EE1F04 /* StringExtensionTests.swift in Sources */,
			);
			runOnlyForDeploymentPostprocessing = 0;
		};
		00FC13CD1FE36F8B00AA5731 /* Sources */ = {
			isa = PBXSourcesBuildPhase;
			buildActionMask = 2147483647;
			files = (
				00FC13D61FE36F8B00AA5731 /* PRESTO_WalletUITests.swift in Sources */,
			);
			runOnlyForDeploymentPostprocessing = 0;
		};
/* End PBXSourcesBuildPhase section */

/* Begin PBXTargetDependency section */
		00FC13C81FE36F8B00AA5731 /* PBXTargetDependency */ = {
			isa = PBXTargetDependency;
			target = 00FC13AF1FE36F8B00AA5731 /* PRESTO-Wallet */;
			targetProxy = 00FC13C71FE36F8B00AA5731 /* PBXContainerItemProxy */;
		};
		00FC13D31FE36F8B00AA5731 /* PBXTargetDependency */ = {
			isa = PBXTargetDependency;
			target = 00FC13AF1FE36F8B00AA5731 /* PRESTO-Wallet */;
			targetProxy = 00FC13D21FE36F8B00AA5731 /* PBXContainerItemProxy */;
		};
/* End PBXTargetDependency section */

/* Begin PBXVariantGroup section */
		00FC13B91FE36F8B00AA5731 /* Main.storyboard */ = {
			isa = PBXVariantGroup;
			children = (
				00FC13BA1FE36F8B00AA5731 /* Base */,
			);
			name = Main.storyboard;
			sourceTree = "<group>";
		};
		00FC13BE1FE36F8B00AA5731 /* LaunchScreen.storyboard */ = {
			isa = PBXVariantGroup;
			children = (
				00FC13BF1FE36F8B00AA5731 /* Base */,
			);
			name = LaunchScreen.storyboard;
			sourceTree = "<group>";
		};
/* End PBXVariantGroup section */

/* Begin XCBuildConfiguration section */
		00FC13D81FE36F8B00AA5731 /* Debug */ = {
			isa = XCBuildConfiguration;
			buildSettings = {
				ALWAYS_SEARCH_USER_PATHS = NO;
				CLANG_ANALYZER_NONNULL = YES;
				CLANG_ANALYZER_NUMBER_OBJECT_CONVERSION = YES_AGGRESSIVE;
				CLANG_CXX_LANGUAGE_STANDARD = "gnu++14";
				CLANG_CXX_LIBRARY = "libc++";
				CLANG_ENABLE_MODULES = YES;
				CLANG_ENABLE_OBJC_ARC = YES;
				CLANG_WARN_BLOCK_CAPTURE_AUTORELEASING = YES;
				CLANG_WARN_BOOL_CONVERSION = YES;
				CLANG_WARN_COMMA = YES;
				CLANG_WARN_CONSTANT_CONVERSION = YES;
				CLANG_WARN_DIRECT_OBJC_ISA_USAGE = YES_ERROR;
				CLANG_WARN_DOCUMENTATION_COMMENTS = YES;
				CLANG_WARN_EMPTY_BODY = YES;
				CLANG_WARN_ENUM_CONVERSION = YES;
				CLANG_WARN_INFINITE_RECURSION = YES;
				CLANG_WARN_INT_CONVERSION = YES;
				CLANG_WARN_NON_LITERAL_NULL_CONVERSION = YES;
				CLANG_WARN_OBJC_LITERAL_CONVERSION = YES;
				CLANG_WARN_OBJC_ROOT_CLASS = YES_ERROR;
				CLANG_WARN_RANGE_LOOP_ANALYSIS = YES;
				CLANG_WARN_STRICT_PROTOTYPES = YES;
				CLANG_WARN_SUSPICIOUS_MOVE = YES;
				CLANG_WARN_UNGUARDED_AVAILABILITY = YES_AGGRESSIVE;
				CLANG_WARN_UNREACHABLE_CODE = YES;
				CLANG_WARN__DUPLICATE_METHOD_MATCH = YES;
				CODE_SIGN_IDENTITY = "iPhone Developer";
				COPY_PHASE_STRIP = NO;
				DEBUG_INFORMATION_FORMAT = dwarf;
				ENABLE_STRICT_OBJC_MSGSEND = YES;
				ENABLE_TESTABILITY = YES;
				GCC_C_LANGUAGE_STANDARD = gnu11;
				GCC_DYNAMIC_NO_PIC = NO;
				GCC_NO_COMMON_BLOCKS = YES;
				GCC_OPTIMIZATION_LEVEL = 0;
				GCC_PREPROCESSOR_DEFINITIONS = (
					"DEBUG=1",
					"$(inherited)",
				);
				GCC_WARN_64_TO_32_BIT_CONVERSION = YES;
				GCC_WARN_ABOUT_RETURN_TYPE = YES_ERROR;
				GCC_WARN_UNDECLARED_SELECTOR = YES;
				GCC_WARN_UNINITIALIZED_AUTOS = YES_AGGRESSIVE;
				GCC_WARN_UNUSED_FUNCTION = YES;
				GCC_WARN_UNUSED_VARIABLE = YES;
				IPHONEOS_DEPLOYMENT_TARGET = 11.2;
				MTL_ENABLE_DEBUG_INFO = YES;
				ONLY_ACTIVE_ARCH = YES;
				SDKROOT = iphoneos;
				SWIFT_ACTIVE_COMPILATION_CONDITIONS = DEBUG;
				SWIFT_OPTIMIZATION_LEVEL = "-Onone";
			};
			name = Debug;
		};
		00FC13D91FE36F8B00AA5731 /* Release */ = {
			isa = XCBuildConfiguration;
			buildSettings = {
				ALWAYS_SEARCH_USER_PATHS = NO;
				CLANG_ANALYZER_NONNULL = YES;
				CLANG_ANALYZER_NUMBER_OBJECT_CONVERSION = YES_AGGRESSIVE;
				CLANG_CXX_LANGUAGE_STANDARD = "gnu++14";
				CLANG_CXX_LIBRARY = "libc++";
				CLANG_ENABLE_MODULES = YES;
				CLANG_ENABLE_OBJC_ARC = YES;
				CLANG_WARN_BLOCK_CAPTURE_AUTORELEASING = YES;
				CLANG_WARN_BOOL_CONVERSION = YES;
				CLANG_WARN_COMMA = YES;
				CLANG_WARN_CONSTANT_CONVERSION = YES;
				CLANG_WARN_DIRECT_OBJC_ISA_USAGE = YES_ERROR;
				CLANG_WARN_DOCUMENTATION_COMMENTS = YES;
				CLANG_WARN_EMPTY_BODY = YES;
				CLANG_WARN_ENUM_CONVERSION = YES;
				CLANG_WARN_INFINITE_RECURSION = YES;
				CLANG_WARN_INT_CONVERSION = YES;
				CLANG_WARN_NON_LITERAL_NULL_CONVERSION = YES;
				CLANG_WARN_OBJC_LITERAL_CONVERSION = YES;
				CLANG_WARN_OBJC_ROOT_CLASS = YES_ERROR;
				CLANG_WARN_RANGE_LOOP_ANALYSIS = YES;
				CLANG_WARN_STRICT_PROTOTYPES = YES;
				CLANG_WARN_SUSPICIOUS_MOVE = YES;
				CLANG_WARN_UNGUARDED_AVAILABILITY = YES_AGGRESSIVE;
				CLANG_WARN_UNREACHABLE_CODE = YES;
				CLANG_WARN__DUPLICATE_METHOD_MATCH = YES;
				CODE_SIGN_IDENTITY = "iPhone Developer";
				COPY_PHASE_STRIP = NO;
				DEBUG_INFORMATION_FORMAT = "dwarf-with-dsym";
				ENABLE_NS_ASSERTIONS = NO;
				ENABLE_STRICT_OBJC_MSGSEND = YES;
				GCC_C_LANGUAGE_STANDARD = gnu11;
				GCC_NO_COMMON_BLOCKS = YES;
				GCC_WARN_64_TO_32_BIT_CONVERSION = YES;
				GCC_WARN_ABOUT_RETURN_TYPE = YES_ERROR;
				GCC_WARN_UNDECLARED_SELECTOR = YES;
				GCC_WARN_UNINITIALIZED_AUTOS = YES_AGGRESSIVE;
				GCC_WARN_UNUSED_FUNCTION = YES;
				GCC_WARN_UNUSED_VARIABLE = YES;
				IPHONEOS_DEPLOYMENT_TARGET = 11.2;
				MTL_ENABLE_DEBUG_INFO = NO;
				SDKROOT = iphoneos;
				SWIFT_OPTIMIZATION_LEVEL = "-Owholemodule";
				VALIDATE_PRODUCT = YES;
			};
			name = Release;
		};
		00FC13DB1FE36F8C00AA5731 /* Debug */ = {
			isa = XCBuildConfiguration;
			baseConfigurationReference = CB7680FB9BCF3EAE4008F076 /* Pods-PRESTO-Wallet.debug.xcconfig */;
			buildSettings = {
				ASSETCATALOG_COMPILER_APPICON_NAME = AppIcon;
				CODE_SIGN_STYLE = Automatic;
				DEVELOPMENT_TEAM = MS7W828M3J;
				INFOPLIST_FILE = "$(SRCROOT)/PRESTO-Wallet/Info.plist";
				LD_RUNPATH_SEARCH_PATHS = "$(inherited) @executable_path/Frameworks";
				PRODUCT_BUNDLE_IDENTIFIER = "ca.jeffrey.PRESTO-Wallet";
				PRODUCT_NAME = "$(TARGET_NAME)";
				SWIFT_VERSION = 4.0;
				TARGETED_DEVICE_FAMILY = "1,2";
			};
			name = Debug;
		};
		00FC13DC1FE36F8C00AA5731 /* Release */ = {
			isa = XCBuildConfiguration;
			baseConfigurationReference = 49701DBA29129CABCB6B58ED /* Pods-PRESTO-Wallet.release.xcconfig */;
			buildSettings = {
				ASSETCATALOG_COMPILER_APPICON_NAME = AppIcon;
				CODE_SIGN_STYLE = Automatic;
				DEVELOPMENT_TEAM = MS7W828M3J;
				INFOPLIST_FILE = "$(SRCROOT)/PRESTO-Wallet/Info.plist";
				LD_RUNPATH_SEARCH_PATHS = "$(inherited) @executable_path/Frameworks";
				PRODUCT_BUNDLE_IDENTIFIER = "ca.jeffrey.PRESTO-Wallet";
				PRODUCT_NAME = "$(TARGET_NAME)";
				SWIFT_VERSION = 4.0;
				TARGETED_DEVICE_FAMILY = "1,2";
			};
			name = Release;
		};
		00FC13DE1FE36F8C00AA5731 /* Debug */ = {
			isa = XCBuildConfiguration;
			baseConfigurationReference = 094D16D85134ABB5738477F0 /* Pods-PRESTO-WalletTests.debug.xcconfig */;
			buildSettings = {
				ALWAYS_EMBED_SWIFT_STANDARD_LIBRARIES = YES;
				BUNDLE_LOADER = "$(TEST_HOST)";
				CODE_SIGN_STYLE = Automatic;
				DEVELOPMENT_TEAM = MS7W828M3J;
				INFOPLIST_FILE = Tests/Info.plist;
				LD_RUNPATH_SEARCH_PATHS = "$(inherited) @executable_path/Frameworks @loader_path/Frameworks";
				PRODUCT_BUNDLE_IDENTIFIER = "ca.jeffrey.PRESTO-WalletTests";
				PRODUCT_NAME = "$(TARGET_NAME)";
				SWIFT_VERSION = 4.0;
				TARGETED_DEVICE_FAMILY = "1,2";
				TEST_HOST = "$(BUILT_PRODUCTS_DIR)/PRESTO-Wallet.app/PRESTO-Wallet";
			};
			name = Debug;
		};
		00FC13DF1FE36F8C00AA5731 /* Release */ = {
			isa = XCBuildConfiguration;
			baseConfigurationReference = FCC8FE255811A4E82E096620 /* Pods-PRESTO-WalletTests.release.xcconfig */;
			buildSettings = {
				ALWAYS_EMBED_SWIFT_STANDARD_LIBRARIES = YES;
				BUNDLE_LOADER = "$(TEST_HOST)";
				CODE_SIGN_STYLE = Automatic;
				DEVELOPMENT_TEAM = MS7W828M3J;
				INFOPLIST_FILE = Tests/Info.plist;
				LD_RUNPATH_SEARCH_PATHS = "$(inherited) @executable_path/Frameworks @loader_path/Frameworks";
				PRODUCT_BUNDLE_IDENTIFIER = "ca.jeffrey.PRESTO-WalletTests";
				PRODUCT_NAME = "$(TARGET_NAME)";
				SWIFT_VERSION = 4.0;
				TARGETED_DEVICE_FAMILY = "1,2";
				TEST_HOST = "$(BUILT_PRODUCTS_DIR)/PRESTO-Wallet.app/PRESTO-Wallet";
			};
			name = Release;
		};
		00FC13E11FE36F8C00AA5731 /* Debug */ = {
			isa = XCBuildConfiguration;
			baseConfigurationReference = 6297890C51994F740A3CCC15 /* Pods-PRESTO-WalletUITests.debug.xcconfig */;
			buildSettings = {
				ALWAYS_EMBED_SWIFT_STANDARD_LIBRARIES = YES;
				CODE_SIGN_STYLE = Automatic;
				DEVELOPMENT_TEAM = MS7W828M3J;
				INFOPLIST_FILE = UITests/Info.plist;
				LD_RUNPATH_SEARCH_PATHS = "$(inherited) @executable_path/Frameworks @loader_path/Frameworks";
				PRODUCT_BUNDLE_IDENTIFIER = "ca.jeffrey.PRESTO-WalletUITests";
				PRODUCT_NAME = "$(TARGET_NAME)";
				PROVISIONING_PROFILE = "";
				SWIFT_VERSION = 4.0;
				TARGETED_DEVICE_FAMILY = "1,2";
				TEST_TARGET_NAME = "PRESTO-Wallet";
			};
			name = Debug;
		};
		00FC13E21FE36F8C00AA5731 /* Release */ = {
			isa = XCBuildConfiguration;
			baseConfigurationReference = 46189AA72DD86D3D53BAD534 /* Pods-PRESTO-WalletUITests.release.xcconfig */;
			buildSettings = {
				ALWAYS_EMBED_SWIFT_STANDARD_LIBRARIES = YES;
				CODE_SIGN_STYLE = Automatic;
				DEVELOPMENT_TEAM = MS7W828M3J;
				INFOPLIST_FILE = UITests/Info.plist;
				LD_RUNPATH_SEARCH_PATHS = "$(inherited) @executable_path/Frameworks @loader_path/Frameworks";
				PRODUCT_BUNDLE_IDENTIFIER = "ca.jeffrey.PRESTO-WalletUITests";
				PRODUCT_NAME = "$(TARGET_NAME)";
				PROVISIONING_PROFILE = "";
				SWIFT_VERSION = 4.0;
				TARGETED_DEVICE_FAMILY = "1,2";
				TEST_TARGET_NAME = "PRESTO-Wallet";
			};
			name = Release;
		};
/* End XCBuildConfiguration section */

/* Begin XCConfigurationList section */
		00FC13AB1FE36F8B00AA5731 /* Build configuration list for PBXProject "PRESTO-Wallet" */ = {
			isa = XCConfigurationList;
			buildConfigurations = (
				00FC13D81FE36F8B00AA5731 /* Debug */,
				00FC13D91FE36F8B00AA5731 /* Release */,
			);
			defaultConfigurationIsVisible = 0;
			defaultConfigurationName = Release;
		};
		00FC13DA1FE36F8C00AA5731 /* Build configuration list for PBXNativeTarget "PRESTO-Wallet" */ = {
			isa = XCConfigurationList;
			buildConfigurations = (
				00FC13DB1FE36F8C00AA5731 /* Debug */,
				00FC13DC1FE36F8C00AA5731 /* Release */,
			);
			defaultConfigurationIsVisible = 0;
			defaultConfigurationName = Release;
		};
		00FC13DD1FE36F8C00AA5731 /* Build configuration list for PBXNativeTarget "PRESTO-WalletTests" */ = {
			isa = XCConfigurationList;
			buildConfigurations = (
				00FC13DE1FE36F8C00AA5731 /* Debug */,
				00FC13DF1FE36F8C00AA5731 /* Release */,
			);
			defaultConfigurationIsVisible = 0;
			defaultConfigurationName = Release;
		};
		00FC13E01FE36F8C00AA5731 /* Build configuration list for PBXNativeTarget "PRESTO-WalletUITests" */ = {
			isa = XCConfigurationList;
			buildConfigurations = (
				00FC13E11FE36F8C00AA5731 /* Debug */,
				00FC13E21FE36F8C00AA5731 /* Release */,
			);
			defaultConfigurationIsVisible = 0;
			defaultConfigurationName = Release;
		};
/* End XCConfigurationList section */
	};
	rootObject = 00FC13A81FE36F8B00AA5731 /* Project object */;
}
